
Microsoft Visual Studio Solution File, Format Version 12.00
# Visual Studio Version 17
VisualStudioVersion = 17.5.002.0
MinimumVisualStudioVersion = 10.0.40219.1
Project("{9A19103F-16F7-4668-BE54-9A1E7A4F7556}") = "SpikeBenchmark", "SpikeBenchmark.csproj", "{860355D8-092E-4AD7-9B08-7C98DA0881F8}"
EndProject
Project("{2150E333-8FDC-42A3-9474-1A3956D46DE8}") = "bin", "bin", "{F2C6190B-88DD-4FAF-969E-748AEB44E67C}"
EndProject
Project("{2150E333-8FDC-42A3-9474-1A3956D46DE8}") = "release", "release", "{5DF95C29-56DC-4FE5-89D3-B5E1C6FDC11C}"
EndProject
Project("{2150E333-8FDC-42A3-9474-1A3956D46DE8}") = "net8.0", "net8.0", "{02E1F7E2-B7D8-463A-9AC8-64F137656953}"
EndProject
Project("{9A19103F-16F7-4668-BE54-9A1E7A4F7556}") = "BenchmarkDotNet.Autogenerated", "bin\release\net8.0\a3654cb9-386b-4a18-bbe4-92f4e1ac4e6e\BenchmarkDotNet.Autogenerated.csproj", "{40897595-746C-41E9-B005-982ED2A58E5C}"
EndProject
Global
	GlobalSection(SolutionConfigurationPlatforms) = preSolution
		Debug|Any CPU = Debug|Any CPU
		Release|Any CPU = Release|Any CPU
	EndGlobalSection
	GlobalSection(ProjectConfigurationPlatforms) = postSolution
		{860355D8-092E-4AD7-9B08-7C98DA0881F8}.Debug|Any CPU.ActiveCfg = Debug|Any CPU
		{860355D8-092E-4AD7-9B08-7C98DA0881F8}.Debug|Any CPU.Build.0 = Debug|Any CPU
		{860355D8-092E-4AD7-9B08-7C98DA0881F8}.Release|Any CPU.ActiveCfg = Release|Any CPU
		{860355D8-092E-4AD7-9B08-7C98DA0881F8}.Release|Any CPU.Build.0 = Release|Any CPU
		{40897595-746C-41E9-B005-982ED2A58E5C}.Debug|Any CPU.ActiveCfg = Debug|Any CPU
		{40897595-746C-41E9-B005-982ED2A58E5C}.Debug|Any CPU.Build.0 = Debug|Any CPU
		{40897595-746C-41E9-B005-982ED2A58E5C}.Release|Any CPU.ActiveCfg = Release|Any CPU
		{40897595-746C-41E9-B005-982ED2A58E5C}.Release|Any CPU.Build.0 = Release|Any CPU
	EndGlobalSection
	GlobalSection(SolutionProperties) = preSolution
		HideSolutionNode = FALSE
	EndGlobalSection
	GlobalSection(NestedProjects) = preSolution
		{5DF95C29-56DC-4FE5-89D3-B5E1C6FDC11C} = {F2C6190B-88DD-4FAF-969E-748AEB44E67C}
		{02E1F7E2-B7D8-463A-9AC8-64F137656953} = {5DF95C29-56DC-4FE5-89D3-B5E1C6FDC11C}
		{40897595-746C-41E9-B005-982ED2A58E5C} = {02E1F7E2-B7D8-463A-9AC8-64F137656953}
	EndGlobalSection
	GlobalSection(ExtensibilityGlobals) = postSolution
		SolutionGuid = {B2DC2059-6F9A-42D6-977C-0E53FC5EBD1A}
	EndGlobalSection
EndGlobal
